// !$*UTF8*$!
{
	archiveVersion = 1;
	classes = {
	};
	objectVersion = 46;
	objects = {

/* Begin PBXBuildFile section */
		34A490391C5464DD00290BEC /* AppDelegate.swift in Sources */ = {isa = PBXBuildFile; fileRef = 34A490381C5464DD00290BEC /* AppDelegate.swift */; };
		34A4903B1C5464DD00290BEC /* ViewController.swift in Sources */ = {isa = PBXBuildFile; fileRef = 34A4903A1C5464DD00290BEC /* ViewController.swift */; };
		34A4903E1C5464DD00290BEC /* Main.storyboard in Resources */ = {isa = PBXBuildFile; fileRef = 34A4903C1C5464DD00290BEC /* Main.storyboard */; };
		34A490401C5464DD00290BEC /* Assets.xcassets in Resources */ = {isa = PBXBuildFile; fileRef = 34A4903F1C5464DD00290BEC /* Assets.xcassets */; };
		34A490431C5464DD00290BEC /* LaunchScreen.storyboard in Resources */ = {isa = PBXBuildFile; fileRef = 34A490411C5464DD00290BEC /* LaunchScreen.storyboard */; };
		34A4904D1C5464FE00290BEC /* Parse.framework in Frameworks */ = {isa = PBXBuildFile; fileRef = 34A4904A1C5464FE00290BEC /* Parse.framework */; };
		34A4904E1C5464FE00290BEC /* ParseUI.framework in Frameworks */ = {isa = PBXBuildFile; fileRef = 34A4904B1C5464FE00290BEC /* ParseUI.framework */; };
		34A4904F1C5464FE00290BEC /* Bolts.framework in Frameworks */ = {isa = PBXBuildFile; fileRef = 34A4904C1C5464FE00290BEC /* Bolts.framework */; };
		34A490521C54664C00290BEC /* AudioToolbox.framework in Frameworks */ = {isa = PBXBuildFile; fileRef = 34A490501C54662200290BEC /* AudioToolbox.framework */; };
		34A4905B1C54664C00290BEC /* CFNetwork.framework in Frameworks */ = {isa = PBXBuildFile; fileRef = 34A490531C54664C00290BEC /* CFNetwork.framework */; };
		34A4905C1C54664C00290BEC /* CoreGraphics.framework in Frameworks */ = {isa = PBXBuildFile; fileRef = 34A490541C54664C00290BEC /* CoreGraphics.framework */; };
		34A4905D1C54664C00290BEC /* CoreLocation.framework in Frameworks */ = {isa = PBXBuildFile; fileRef = 34A490551C54664C00290BEC /* CoreLocation.framework */; };
		34A4905E1C54664C00290BEC /* libz.tbd in Frameworks */ = {isa = PBXBuildFile; fileRef = 34A490561C54664C00290BEC /* libz.tbd */; };
		34A4905F1C54664C00290BEC /* QuartzCore.framework in Frameworks */ = {isa = PBXBuildFile; fileRef = 34A490571C54664C00290BEC /* QuartzCore.framework */; };
		34A490601C54664C00290BEC /* Security.framework in Frameworks */ = {isa = PBXBuildFile; fileRef = 34A490581C54664C00290BEC /* Security.framework */; };
		34A490611C54664C00290BEC /* StoreKit.framework in Frameworks */ = {isa = PBXBuildFile; fileRef = 34A490591C54664C00290BEC /* StoreKit.framework */; };
		34A490621C54664C00290BEC /* SystemConfiguration.framework in Frameworks */ = {isa = PBXBuildFile; fileRef = 34A4905A1C54664C00290BEC /* SystemConfiguration.framework */; };
		34A490641C54665800290BEC /* libsqlite3.tbd in Frameworks */ = {isa = PBXBuildFile; fileRef = 34A490631C54665800290BEC /* libsqlite3.tbd */; };
		34A490661C54827600290BEC /* LevelUpController.swift in Sources */ = {isa = PBXBuildFile; fileRef = 34A490651C54827600290BEC /* LevelUpController.swift */; };
		34BBFD471C5533460098866E /* SignUp.swift in Sources */ = {isa = PBXBuildFile; fileRef = 34BBFD461C5533460098866E /* SignUp.swift */; };
		34BBFD491C5533740098866E /* Login.swift in Sources */ = {isa = PBXBuildFile; fileRef = 34BBFD481C5533740098866E /* Login.swift */; };
		34BBFD4B1C554DE30098866E /* Information.swift in Sources */ = {isa = PBXBuildFile; fileRef = 34BBFD4A1C554DE30098866E /* Information.swift */; };
/* End PBXBuildFile section */

/* Begin PBXFileReference section */
		34A490351C5464DD00290BEC /* instigateC.app */ = {isa = PBXFileReference; explicitFileType = wrapper.application; includeInIndex = 0; path = instigateC.app; sourceTree = BUILT_PRODUCTS_DIR; };
		34A490381C5464DD00290BEC /* AppDelegate.swift */ = {isa = PBXFileReference; lastKnownFileType = sourcecode.swift; path = AppDelegate.swift; sourceTree = "<group>"; };
		34A4903A1C5464DD00290BEC /* ViewController.swift */ = {isa = PBXFileReference; lastKnownFileType = sourcecode.swift; path = ViewController.swift; sourceTree = "<group>"; };
		34A4903D1C5464DD00290BEC /* Base */ = {isa = PBXFileReference; lastKnownFileType = file.storyboard; name = Base; path = Base.lproj/Main.storyboard; sourceTree = "<group>"; };
		34A4903F1C5464DD00290BEC /* Assets.xcassets */ = {isa = PBXFileReference; lastKnownFileType = folder.assetcatalog; path = Assets.xcassets; sourceTree = "<group>"; };
		34A490421C5464DD00290BEC /* Base */ = {isa = PBXFileReference; lastKnownFileType = file.storyboard; name = Base; path = Base.lproj/LaunchScreen.storyboard; sourceTree = "<group>"; };
		34A490441C5464DD00290BEC /* Info.plist */ = {isa = PBXFileReference; lastKnownFileType = text.plist.xml; path = Info.plist; sourceTree = "<group>"; };
		34A4904A1C5464FE00290BEC /* Parse.framework */ = {isa = PBXFileReference; lastKnownFileType = wrapper.framework; path = Parse.framework; sourceTree = "<group>"; };
		34A4904B1C5464FE00290BEC /* ParseUI.framework */ = {isa = PBXFileReference; lastKnownFileType = wrapper.framework; path = ParseUI.framework; sourceTree = "<group>"; };
		34A4904C1C5464FE00290BEC /* Bolts.framework */ = {isa = PBXFileReference; lastKnownFileType = wrapper.framework; path = Bolts.framework; sourceTree = "<group>"; };
		34A490501C54662200290BEC /* AudioToolbox.framework */ = {isa = PBXFileReference; lastKnownFileType = wrapper.framework; name = AudioToolbox.framework; path = System/Library/Frameworks/AudioToolbox.framework; sourceTree = SDKROOT; };
		34A490531C54664C00290BEC /* CFNetwork.framework */ = {isa = PBXFileReference; lastKnownFileType = wrapper.framework; name = CFNetwork.framework; path = System/Library/Frameworks/CFNetwork.framework; sourceTree = SDKROOT; };
		34A490541C54664C00290BEC /* CoreGraphics.framework */ = {isa = PBXFileReference; lastKnownFileType = wrapper.framework; name = CoreGraphics.framework; path = System/Library/Frameworks/CoreGraphics.framework; sourceTree = SDKROOT; };
		34A490551C54664C00290BEC /* CoreLocation.framework */ = {isa = PBXFileReference; lastKnownFileType = wrapper.framework; name = CoreLocation.framework; path = System/Library/Frameworks/CoreLocation.framework; sourceTree = SDKROOT; };
		34A490561C54664C00290BEC /* libz.tbd */ = {isa = PBXFileReference; lastKnownFileType = "sourcecode.text-based-dylib-definition"; name = libz.tbd; path = usr/lib/libz.tbd; sourceTree = SDKROOT; };
		34A490571C54664C00290BEC /* QuartzCore.framework */ = {isa = PBXFileReference; lastKnownFileType = wrapper.framework; name = QuartzCore.framework; path = System/Library/Frameworks/QuartzCore.framework; sourceTree = SDKROOT; };
		34A490581C54664C00290BEC /* Security.framework */ = {isa = PBXFileReference; lastKnownFileType = wrapper.framework; name = Security.framework; path = System/Library/Frameworks/Security.framework; sourceTree = SDKROOT; };
		34A490591C54664C00290BEC /* StoreKit.framework */ = {isa = PBXFileReference; lastKnownFileType = wrapper.framework; name = StoreKit.framework; path = System/Library/Frameworks/StoreKit.framework; sourceTree = SDKROOT; };
		34A4905A1C54664C00290BEC /* SystemConfiguration.framework */ = {isa = PBXFileReference; lastKnownFileType = wrapper.framework; name = SystemConfiguration.framework; path = System/Library/Frameworks/SystemConfiguration.framework; sourceTree = SDKROOT; };
		34A490631C54665800290BEC /* libsqlite3.tbd */ = {isa = PBXFileReference; lastKnownFileType = "sourcecode.text-based-dylib-definition"; name = libsqlite3.tbd; path = usr/lib/libsqlite3.tbd; sourceTree = SDKROOT; };
		34A490651C54827600290BEC /* LevelUpController.swift */ = {isa = PBXFileReference; fileEncoding = 4; lastKnownFileType = sourcecode.swift; path = LevelUpController.swift; sourceTree = "<group>"; };
		34BBFD461C5533460098866E /* SignUp.swift */ = {isa = PBXFileReference; fileEncoding = 4; lastKnownFileType = sourcecode.swift; path = SignUp.swift; sourceTree = "<group>"; };
		34BBFD481C5533740098866E /* Login.swift */ = {isa = PBXFileReference; fileEncoding = 4; lastKnownFileType = sourcecode.swift; path = Login.swift; sourceTree = "<group>"; };
		34BBFD4A1C554DE30098866E /* Information.swift */ = {isa = PBXFileReference; fileEncoding = 4; lastKnownFileType = sourcecode.swift; path = Information.swift; sourceTree = "<group>"; };
/* End PBXFileReference section */

/* Begin PBXFrameworksBuildPhase section */
		34A490321C5464DD00290BEC /* Frameworks */ = {
			isa = PBXFrameworksBuildPhase;
			buildActionMask = 2147483647;
			files = (
				34A490641C54665800290BEC /* libsqlite3.tbd in Frameworks */,
				34A4905B1C54664C00290BEC /* CFNetwork.framework in Frameworks */,
				34A4905C1C54664C00290BEC /* CoreGraphics.framework in Frameworks */,
				34A4905D1C54664C00290BEC /* CoreLocation.framework in Frameworks */,
				34A4905E1C54664C00290BEC /* libz.tbd in Frameworks */,
				34A4905F1C54664C00290BEC /* QuartzCore.framework in Frameworks */,
				34A490601C54664C00290BEC /* Security.framework in Frameworks */,
				34A490611C54664C00290BEC /* StoreKit.framework in Frameworks */,
				34A490621C54664C00290BEC /* SystemConfiguration.framework in Frameworks */,
				34A490521C54664C00290BEC /* AudioToolbox.framework in Frameworks */,
				34A4904F1C5464FE00290BEC /* Bolts.framework in Frameworks */,
				34A4904E1C5464FE00290BEC /* ParseUI.framework in Frameworks */,
				34A4904D1C5464FE00290BEC /* Parse.framework in Frameworks */,
			);
			runOnlyForDeploymentPostprocessing = 0;
		};
/* End PBXFrameworksBuildPhase section */

/* Begin PBXGroup section */
		34A4902C1C5464DD00290BEC = {
			isa = PBXGroup;
			children = (
				34A490631C54665800290BEC /* libsqlite3.tbd */,
				34A490531C54664C00290BEC /* CFNetwork.framework */,
				34A490541C54664C00290BEC /* CoreGraphics.framework */,
				34A490551C54664C00290BEC /* CoreLocation.framework */,
				34A490561C54664C00290BEC /* libz.tbd */,
				34A490571C54664C00290BEC /* QuartzCore.framework */,
				34A490581C54664C00290BEC /* Security.framework */,
				34A490591C54664C00290BEC /* StoreKit.framework */,
				34A4905A1C54664C00290BEC /* SystemConfiguration.framework */,
				34A490501C54662200290BEC /* AudioToolbox.framework */,
				34A4904A1C5464FE00290BEC /* Parse.framework */,
				34A4904B1C5464FE00290BEC /* ParseUI.framework */,
				34A4904C1C5464FE00290BEC /* Bolts.framework */,
				34A490371C5464DD00290BEC /* instigateCuriosity */,
				34A490361C5464DD00290BEC /* Products */,
			);
			sourceTree = "<group>";
		};
		34A490361C5464DD00290BEC /* Products */ = {
			isa = PBXGroup;
			children = (
				34A490351C5464DD00290BEC /* instigateC.app */,
			);
			name = Products;
			sourceTree = "<group>";
		};
		34A490371C5464DD00290BEC /* instigateCuriosity */ = {
			isa = PBXGroup;
			children = (
				34A490381C5464DD00290BEC /* AppDelegate.swift */,
				34A4903A1C5464DD00290BEC /* ViewController.swift */,
				34A4903C1C5464DD00290BEC /* Main.storyboard */,
				34A4903F1C5464DD00290BEC /* Assets.xcassets */,
				34A490411C5464DD00290BEC /* LaunchScreen.storyboard */,
				34A490441C5464DD00290BEC /* Info.plist */,
				34A490651C54827600290BEC /* LevelUpController.swift */,
				34BBFD461C5533460098866E /* SignUp.swift */,
				34BBFD481C5533740098866E /* Login.swift */,
				34BBFD4A1C554DE30098866E /* Information.swift */,
			);
			path = instigateCuriosity;
			sourceTree = "<group>";
		};
/* End PBXGroup section */

/* Begin PBXNativeTarget section */
		34A490341C5464DD00290BEC /* instigateCuriosity */ = {
			isa = PBXNativeTarget;
			buildConfigurationList = 34A490471C5464DD00290BEC /* Build configuration list for PBXNativeTarget "instigateCuriosity" */;
			buildPhases = (
				34A490311C5464DD00290BEC /* Sources */,
				34A490321C5464DD00290BEC /* Frameworks */,
				34A490331C5464DD00290BEC /* Resources */,
			);
			buildRules = (
			);
			dependencies = (
			);
			name = instigateCuriosity;
			productName = instigateCuriosity;
			productReference = 34A490351C5464DD00290BEC /* instigateC.app */;
			productType = "com.apple.product-type.application";
		};
/* End PBXNativeTarget section */

/* Begin PBXProject section */
		34A4902D1C5464DD00290BEC /* Project object */ = {
			isa = PBXProject;
			attributes = {
				LastSwiftUpdateCheck = 0720;
				LastUpgradeCheck = 0720;
				ORGANIZATIONNAME = "Wyatt Endres";
				TargetAttributes = {
					34A490341C5464DD00290BEC = {
						CreatedOnToolsVersion = 7.2;
						DevelopmentTeam = 5FBQD3TCRJ;
					};
				};
			};
			buildConfigurationList = 34A490301C5464DD00290BEC /* Build configuration list for PBXProject "instigateCuriosity" */;
			compatibilityVersion = "Xcode 3.2";
			developmentRegion = English;
			hasScannedForEncodings = 0;
			knownRegions = (
				en,
				Base,
			);
			mainGroup = 34A4902C1C5464DD00290BEC;
			productRefGroup = 34A490361C5464DD00290BEC /* Products */;
			projectDirPath = "";
			projectRoot = "";
			targets = (
				34A490341C5464DD00290BEC /* instigateCuriosity */,
			);
		};
/* End PBXProject section */

/* Begin PBXResourcesBuildPhase section */
		34A490331C5464DD00290BEC /* Resources */ = {
			isa = PBXResourcesBuildPhase;
			buildActionMask = 2147483647;
			files = (
				34A490431C5464DD00290BEC /* LaunchScreen.storyboard in Resources */,
				34A490401C5464DD00290BEC /* Assets.xcassets in Resources */,
				34A4903E1C5464DD00290BEC /* Main.storyboard in Resources */,
			);
			runOnlyForDeploymentPostprocessing = 0;
		};
/* End PBXResourcesBuildPhase section */

/* Begin PBXSourcesBuildPhase section */
		34A490311C5464DD00290BEC /* Sources */ = {
			isa = PBXSourcesBuildPhase;
			buildActionMask = 2147483647;
			files = (
				34A490661C54827600290BEC /* LevelUpController.swift in Sources */,
				34BBFD4B1C554DE30098866E /* Information.swift in Sources */,
				34A4903B1C5464DD00290BEC /* ViewController.swift in Sources */,
				34BBFD491C5533740098866E /* Login.swift in Sources */,
				34A490391C5464DD00290BEC /* AppDelegate.swift in Sources */,
				34BBFD471C5533460098866E /* SignUp.swift in Sources */,
			);
			runOnlyForDeploymentPostprocessing = 0;
		};
/* End PBXSourcesBuildPhase section */

/* Begin PBXVariantGroup section */
		34A4903C1C5464DD00290BEC /* Main.storyboard */ = {
			isa = PBXVariantGroup;
			children = (
				34A4903D1C5464DD00290BEC /* Base */,
			);
			name = Main.storyboard;
			sourceTree = "<group>";
		};
		34A490411C5464DD00290BEC /* LaunchScreen.storyboard */ = {
			isa = PBXVariantGroup;
			children = (
				34A490421C5464DD00290BEC /* Base */,
			);
			name = LaunchScreen.storyboard;
			sourceTree = "<group>";
		};
/* End PBXVariantGroup section */

/* Begin XCBuildConfiguration section */
		34A490451C5464DD00290BEC /* Debug */ = {
			isa = XCBuildConfiguration;
			buildSettings = {
				ALWAYS_SEARCH_USER_PATHS = NO;
				CLANG_CXX_LANGUAGE_STANDARD = "gnu++0x";
				CLANG_CXX_LIBRARY = "libc++";
				CLANG_ENABLE_MODULES = YES;
				CLANG_ENABLE_OBJC_ARC = YES;
				CLANG_WARN_BOOL_CONVERSION = YES;
				CLANG_WARN_CONSTANT_CONVERSION = YES;
				CLANG_WARN_DIRECT_OBJC_ISA_USAGE = YES_ERROR;
				CLANG_WARN_EMPTY_BODY = YES;
				CLANG_WARN_ENUM_CONVERSION = YES;
				CLANG_WARN_INT_CONVERSION = YES;
				CLANG_WARN_OBJC_ROOT_CLASS = YES_ERROR;
				CLANG_WARN_UNREACHABLE_CODE = YES;
				CLANG_WARN__DUPLICATE_METHOD_MATCH = YES;
				"CODE_SIGN_IDENTITY[sdk=iphoneos*]" = "iPhone Developer";
				COPY_PHASE_STRIP = NO;
				DEBUG_INFORMATION_FORMAT = dwarf;
				ENABLE_STRICT_OBJC_MSGSEND = YES;
				ENABLE_TESTABILITY = YES;
				GCC_C_LANGUAGE_STANDARD = gnu99;
				GCC_DYNAMIC_NO_PIC = NO;
				GCC_NO_COMMON_BLOCKS = YES;
				GCC_OPTIMIZATION_LEVEL = 0;
				GCC_PREPROCESSOR_DEFINITIONS = (
					"DEBUG=1",
					"$(inherited)",
				);
				GCC_WARN_64_TO_32_BIT_CONVERSION = YES;
				GCC_WARN_ABOUT_RETURN_TYPE = YES_ERROR;
				GCC_WARN_UNDECLARED_SELECTOR = YES;
				GCC_WARN_UNINITIALIZED_AUTOS = YES_AGGRESSIVE;
				GCC_WARN_UNUSED_FUNCTION = YES;
				GCC_WARN_UNUSED_VARIABLE = YES;
				IPHONEOS_DEPLOYMENT_TARGET = 9.2;
				MTL_ENABLE_DEBUG_INFO = YES;
				ONLY_ACTIVE_ARCH = YES;
				SDKROOT = iphoneos;
				SWIFT_OPTIMIZATION_LEVEL = "-Onone";
			};
			name = Debug;
		};
		34A490461C5464DD00290BEC /* Release */ = {
			isa = XCBuildConfiguration;
			buildSettings = {
				ALWAYS_SEARCH_USER_PATHS = NO;
				CLANG_CXX_LANGUAGE_STANDARD = "gnu++0x";
				CLANG_CXX_LIBRARY = "libc++";
				CLANG_ENABLE_MODULES = YES;
				CLANG_ENABLE_OBJC_ARC = YES;
				CLANG_WARN_BOOL_CONVERSION = YES;
				CLANG_WARN_CONSTANT_CONVERSION = YES;
				CLANG_WARN_DIRECT_OBJC_ISA_USAGE = YES_ERROR;
				CLANG_WARN_EMPTY_BODY = YES;
				CLANG_WARN_ENUM_CONVERSION = YES;
				CLANG_WARN_INT_CONVERSION = YES;
				CLANG_WARN_OBJC_ROOT_CLASS = YES_ERROR;
				CLANG_WARN_UNREACHABLE_CODE = YES;
				CLANG_WARN__DUPLICATE_METHOD_MATCH = YES;
				"CODE_SIGN_IDENTITY[sdk=iphoneos*]" = "iPhone Developer";
				COPY_PHASE_STRIP = NO;
				DEBUG_INFORMATION_FORMAT = "dwarf-with-dsym";
				ENABLE_NS_ASSERTIONS = NO;
				ENABLE_STRICT_OBJC_MSGSEND = YES;
				GCC_C_LANGUAGE_STANDARD = gnu99;
				GCC_NO_COMMON_BLOCKS = YES;
				GCC_WARN_64_TO_32_BIT_CONVERSION = YES;
				GCC_WARN_ABOUT_RETURN_TYPE = YES_ERROR;
				GCC_WARN_UNDECLARED_SELECTOR = YES;
				GCC_WARN_UNINITIALIZED_AUTOS = YES_AGGRESSIVE;
				GCC_WARN_UNUSED_FUNCTION = YES;
				GCC_WARN_UNUSED_VARIABLE = YES;
				IPHONEOS_DEPLOYMENT_TARGET = 9.2;
				MTL_ENABLE_DEBUG_INFO = NO;
				SDKROOT = iphoneos;
				VALIDATE_PRODUCT = YES;
			};
			name = Release;
		};
		34A490481C5464DD00290BEC /* Debug */ = {
			isa = XCBuildConfiguration;
			buildSettings = {
				ASSETCATALOG_COMPILER_APPICON_NAME = AppIcon;
				FRAMEWORK_SEARCH_PATHS = (
					"$(inherited)",
					"$(PROJECT_DIR)",
				);
				INFOPLIST_FILE = instigateCuriosity/Info.plist;
				LD_RUNPATH_SEARCH_PATHS = "$(inherited) @executable_path/Frameworks";
				PRODUCT_BUNDLE_IDENTIFIER = com.example.instigateCuriosity;
				PRODUCT_MODULE_NAME = instigateC;
				PRODUCT_NAME = instigateC;
			};
			name = Debug;
		};
		34A490491C5464DD00290BEC /* Release */ = {
			isa = XCBuildConfiguration;
			buildSettings = {
				ASSETCATALOG_COMPILER_APPICON_NAME = AppIcon;
				FRAMEWORK_SEARCH_PATHS = (
					"$(inherited)",
					"$(PROJECT_DIR)",
				);
				INFOPLIST_FILE = instigateCuriosity/Info.plist;
				LD_RUNPATH_SEARCH_PATHS = "$(inherited) @executable_path/Frameworks";
				PRODUCT_BUNDLE_IDENTIFIER = com.example.instigateCuriosity;
				PRODUCT_MODULE_NAME = instigateC;
				PRODUCT_NAME = instigateC;
			};
			name = Release;
		};
/* End XCBuildConfiguration section */

/* Begin XCConfigurationList section */
		34A490301C5464DD00290BEC /* Build configuration list for PBXProject "instigateCuriosity" */ = {
			isa = XCConfigurationList;
			buildConfigurations = (
				34A490451C5464DD00290BEC /* Debug */,
				34A490461C5464DD00290BEC /* Release */,
			);
			defaultConfigurationIsVisible = 0;
			defaultConfigurationName = Release;
		};
		34A490471C5464DD00290BEC /* Build configuration list for PBXNativeTarget "instigateCuriosity" */ = {
			isa = XCConfigurationList;
			buildConfigurations = (
				34A490481C5464DD00290BEC /* Debug */,
				34A490491C5464DD00290BEC /* Release */,
			);
			defaultConfigurationIsVisible = 0;
			defaultConfigurationName = Release;
		};
/* End XCConfigurationList section */
	};
	rootObject = 34A4902D1C5464DD00290BEC /* Project object */;
}
